
Microsoft Visual Studio Solution File, Format Version 12.00
# Visual Studio 15
VisualStudioVersion = 15.0.28307.1321
MinimumVisualStudioVersion = 10.0.40219.1
Project("{8BC9CEB8-8B4A-11D0-8D11-00A0C91BC942}") = "공약수, 공배수", "공약수, 공배수\공약수, 공배수.vcxproj", "{CF194ADE-AEB9-4239-A92F-0734562046F7}"
EndProject
Global
	GlobalSection(SolutionConfigurationPlatforms) = preSolution
		Debug|x64 = Debug|x64
		Debug|x86 = Debug|x86
		Release|x64 = Release|x64
		Release|x86 = Release|x86
	EndGlobalSection
	GlobalSection(ProjectConfigurationPlatforms) = postSolution
		{CF194ADE-AEB9-4239-A92F-0734562046F7}.Debug|x64.ActiveCfg = Debug|x64
		{CF194ADE-AEB9-4239-A92F-0734562046F7}.Debug|x64.Build.0 = Debug|x64
		{CF194ADE-AEB9-4239-A92F-0734562046F7}.Debug|x86.ActiveCfg = Debug|Win32
		{CF194ADE-AEB9-4239-A92F-0734562046F7}.Debug|x86.Build.0 = Debug|Win32
		{CF194ADE-AEB9-4239-A92F-0734562046F7}.Release|x64.ActiveCfg = Release|x64
		{CF194ADE-AEB9-4239-A92F-0734562046F7}.Release|x64.Build.0 = Release|x64
		{CF194ADE-AEB9-4239-A92F-0734562046F7}.Release|x86.ActiveCfg = Release|Win32
		{CF194ADE-AEB9-4239-A92F-0734562046F7}.Release|x86.Build.0 = Release|Win32
	EndGlobalSection
	GlobalSection(SolutionProperties) = preSolution
		HideSolutionNode = FALSE
	EndGlobalSection
	GlobalSection(ExtensibilityGlobals) = postSolution
		SolutionGuid = {CFF7CE1D-ADB2-476F-B578-736C7826AEDF}
	EndGlobalSection
EndGlobal
