
Microsoft Visual Studio Solution File, Format Version 12.00
# Visual Studio 15
VisualStudioVersion = 15.0.28307.1321
MinimumVisualStudioVersion = 10.0.40219.1
Project("{8BC9CEB8-8B4A-11D0-8D11-00A0C91BC942}") = "모르겠어서 찍습니다", "모르겠어서 찍습니다\모르겠어서 찍습니다.vcxproj", "{7CC597D5-C801-4F6C-8B16-5C134346988E}"
EndProject
Global
	GlobalSection(SolutionConfigurationPlatforms) = preSolution
		Debug|x64 = Debug|x64
		Debug|x86 = Debug|x86
		Release|x64 = Release|x64
		Release|x86 = Release|x86
	EndGlobalSection
	GlobalSection(ProjectConfigurationPlatforms) = postSolution
		{7CC597D5-C801-4F6C-8B16-5C134346988E}.Debug|x64.ActiveCfg = Debug|x64
		{7CC597D5-C801-4F6C-8B16-5C134346988E}.Debug|x64.Build.0 = Debug|x64
		{7CC597D5-C801-4F6C-8B16-5C134346988E}.Debug|x86.ActiveCfg = Debug|Win32
		{7CC597D5-C801-4F6C-8B16-5C134346988E}.Debug|x86.Build.0 = Debug|Win32
		{7CC597D5-C801-4F6C-8B16-5C134346988E}.Release|x64.ActiveCfg = Release|x64
		{7CC597D5-C801-4F6C-8B16-5C134346988E}.Release|x64.Build.0 = Release|x64
		{7CC597D5-C801-4F6C-8B16-5C134346988E}.Release|x86.ActiveCfg = Release|Win32
		{7CC597D5-C801-4F6C-8B16-5C134346988E}.Release|x86.Build.0 = Release|Win32
	EndGlobalSection
	GlobalSection(SolutionProperties) = preSolution
		HideSolutionNode = FALSE
	EndGlobalSection
	GlobalSection(ExtensibilityGlobals) = postSolution
		SolutionGuid = {B0AA736A-A3AB-4F10-8372-88B37EAF573F}
	EndGlobalSection
EndGlobal
