
Microsoft Visual Studio Solution File, Format Version 12.00
# Visual Studio 15
VisualStudioVersion = 15.0.28307.1321
MinimumVisualStudioVersion = 10.0.40219.1
Project("{8BC9CEB8-8B4A-11D0-8D11-00A0C91BC942}") = "Pivonacci", "Pivonacci\Pivonacci.vcxproj", "{1CF10CAC-906F-4E86-9FD2-936FF2CFFAF9}"
EndProject
Global
	GlobalSection(SolutionConfigurationPlatforms) = preSolution
		Debug|x64 = Debug|x64
		Debug|x86 = Debug|x86
		Release|x64 = Release|x64
		Release|x86 = Release|x86
	EndGlobalSection
	GlobalSection(ProjectConfigurationPlatforms) = postSolution
		{1CF10CAC-906F-4E86-9FD2-936FF2CFFAF9}.Debug|x64.ActiveCfg = Debug|x64
		{1CF10CAC-906F-4E86-9FD2-936FF2CFFAF9}.Debug|x64.Build.0 = Debug|x64
		{1CF10CAC-906F-4E86-9FD2-936FF2CFFAF9}.Debug|x86.ActiveCfg = Debug|Win32
		{1CF10CAC-906F-4E86-9FD2-936FF2CFFAF9}.Debug|x86.Build.0 = Debug|Win32
		{1CF10CAC-906F-4E86-9FD2-936FF2CFFAF9}.Release|x64.ActiveCfg = Release|x64
		{1CF10CAC-906F-4E86-9FD2-936FF2CFFAF9}.Release|x64.Build.0 = Release|x64
		{1CF10CAC-906F-4E86-9FD2-936FF2CFFAF9}.Release|x86.ActiveCfg = Release|Win32
		{1CF10CAC-906F-4E86-9FD2-936FF2CFFAF9}.Release|x86.Build.0 = Release|Win32
	EndGlobalSection
	GlobalSection(SolutionProperties) = preSolution
		HideSolutionNode = FALSE
	EndGlobalSection
	GlobalSection(ExtensibilityGlobals) = postSolution
		SolutionGuid = {59AE73B2-D37D-4FE2-A2A9-B8FD321093DD}
	EndGlobalSection
EndGlobal
