<?xml version="1.0" encoding="utf-8"?>
<Project ToolsVersion="4.0" xmlns="http://schemas.microsoft.com/developer/msbuild/2003">
  <ItemGroup>
    <Filter Include="소스 파일">
      <UniqueIdentifier>{4FC737F1-C7A5-4376-A066-2A32D752A2FF}</UniqueIdentifier>
      <Extensions>cpp;c;cc;cxx;def;odl;idl;hpj;bat;asm;asmx</Extensions>
    </Filter>
    <Filter Include="헤더 파일">
      <UniqueIdentifier>{93995380-89BD-4b04-88EB-625FBE52EBFB}</UniqueIdentifier>
      <Extensions>h;hh;hpp;hxx;hm;inl;inc;ipp;xsd</Extensions>
    </Filter>
    <Filter Include="리소스 파일">
      <UniqueIdentifier>{67DA6AB6-F800-4c08-8B7A-83BB121AAD01}</UniqueIdentifier>
      <Extensions>rc;ico;cur;bmp;dlg;rc2;rct;bin;rgs;gif;jpg;jpeg;jpe;resx;tiff;tif;png;wav;mfcribbon-ms</Extensions>
    </Filter>
    <Filter Include="소스 파일\BackJoon">
      <UniqueIdentifier>{bcb22152-e738-4f94-9350-eb0109c292f6}</UniqueIdentifier>
    </Filter>
    <Filter Include="소스 파일\BackJoon\Np.10818 Maximum, minimum">
      <UniqueIdentifier>{55c700b3-c226-41bd-85b1-4abbb84b5b38}</UniqueIdentifier>
    </Filter>
    <Filter Include="소스 파일\BackJoon\No. 2460. Inteligent Train">
      <UniqueIdentifier>{13e3640c-6c4f-43a4-b8e6-1014c41a9227}</UniqueIdentifier>
    </Filter>
    <Filter Include="소스 파일\Programers">
      <UniqueIdentifier>{de4f692b-965e-4c92-aa93-f29b83f4dedd}</UniqueIdentifier>
    </Filter>
    <Filter Include="소스 파일\BackJoon\No. 2908 const num">
      <UniqueIdentifier>{ab14d5f3-fb69-4d6c-a011-12f617c70e59}</UniqueIdentifier>
    </Filter>
    <Filter Include="소스 파일\BackJoon\No. 5622 Dial Number">
      <UniqueIdentifier>{2ca4f892-5d50-40bd-80a4-13b401ac44fd}</UniqueIdentifier>
    </Filter>
  </ItemGroup>
  <ItemGroup>
    <ClInclude Include="main.h">
      <Filter>헤더 파일</Filter>
    </ClInclude>
    <ClInclude Include="BJ10818.h">
      <Filter>소스 파일\BackJoon\Np.10818 Maximum, minimum</Filter>
    </ClInclude>
    <ClInclude Include="BJ2460.h">
      <Filter>소스 파일\BackJoon\No. 2460. Inteligent Train</Filter>
    </ClInclude>
    <ClInclude Include="BJ2908.h">
      <Filter>소스 파일\BackJoon\No. 2908 const num</Filter>
    </ClInclude>
    <ClInclude Include="BJ5622.h">
      <Filter>소스 파일\BackJoon\No. 5622 Dial Number</Filter>
    </ClInclude>
  </ItemGroup>
  <ItemGroup>
    <ClCompile Include="main.cpp">
      <Filter>헤더 파일</Filter>
    </ClCompile>
    <ClCompile Include="BJ10818.cpp">
      <Filter>소스 파일\BackJoon\Np.10818 Maximum, minimum</Filter>
    </ClCompile>
    <ClCompile Include="BJ2460.cpp">
      <Filter>소스 파일\BackJoon\No. 2460. Inteligent Train</Filter>
    </ClCompile>
    <ClCompile Include="BJ2908.cpp">
      <Filter>소스 파일\BackJoon\No. 2908 const num</Filter>
    </ClCompile>
    <ClCompile Include="BJ5622.cpp">
      <Filter>소스 파일\BackJoon\No. 5622 Dial Number</Filter>
    </ClCompile>
  </ItemGroup>
</Project>